
Microsoft Visual Studio Solution File, Format Version 12.00
# Visual Studio Version 16
VisualStudioVersion = 25.0.1706.1
MinimumVisualStudioVersion = 10.0.40219.1
Project("{FAE04EC0-301F-11D3-BF4B-00C04F79EFBC}") = "ContactsApp.Shared", "ContacsApp.Shared\ContactsApp.Shared.csproj", "{1E62DDCF-2924-4A93-B90C-D7BEB81EB0C2}"
EndProject
Project("{FAE04EC0-301F-11D3-BF4B-00C04F79EFBC}") = "ContactsApp.Api", "ContactsApp.Api\ContactsApp.Api.csproj", "{CEA6DA3A-5943-46FA-9F8D-7E253A4273E6}"
EndProject
Project("{FAE04EC0-301F-11D3-BF4B-00C04F79EFBC}") = "ContactsApp.WasmApp", "ContactsApp.WasmApp\ContactsApp.WasmApp.csproj", "{08C541FE-91A1-4F24-9077-9AB3C687558F}"
EndProject
Global
	GlobalSection(SolutionConfigurationPlatforms) = preSolution
		Debug|Any CPU = Debug|Any CPU
		Release|Any CPU = Release|Any CPU
	EndGlobalSection
	GlobalSection(ProjectConfigurationPlatforms) = postSolution
		{1E62DDCF-2924-4A93-B90C-D7BEB81EB0C2}.Debug|Any CPU.ActiveCfg = Debug|Any CPU
		{1E62DDCF-2924-4A93-B90C-D7BEB81EB0C2}.Debug|Any CPU.Build.0 = Debug|Any CPU
		{1E62DDCF-2924-4A93-B90C-D7BEB81EB0C2}.Release|Any CPU.ActiveCfg = Release|Any CPU
		{1E62DDCF-2924-4A93-B90C-D7BEB81EB0C2}.Release|Any CPU.Build.0 = Release|Any CPU
		{CEA6DA3A-5943-46FA-9F8D-7E253A4273E6}.Debug|Any CPU.ActiveCfg = Debug|Any CPU
		{CEA6DA3A-5943-46FA-9F8D-7E253A4273E6}.Debug|Any CPU.Build.0 = Debug|Any CPU
		{CEA6DA3A-5943-46FA-9F8D-7E253A4273E6}.Release|Any CPU.ActiveCfg = Release|Any CPU
		{CEA6DA3A-5943-46FA-9F8D-7E253A4273E6}.Release|Any CPU.Build.0 = Release|Any CPU
		{08C541FE-91A1-4F24-9077-9AB3C687558F}.Debug|Any CPU.ActiveCfg = Debug|Any CPU
		{08C541FE-91A1-4F24-9077-9AB3C687558F}.Debug|Any CPU.Build.0 = Debug|Any CPU
		{08C541FE-91A1-4F24-9077-9AB3C687558F}.Release|Any CPU.ActiveCfg = Release|Any CPU
		{08C541FE-91A1-4F24-9077-9AB3C687558F}.Release|Any CPU.Build.0 = Release|Any CPU
	EndGlobalSection
	GlobalSection(SolutionProperties) = preSolution
		HideSolutionNode = FALSE
	EndGlobalSection
	GlobalSection(ExtensibilityGlobals) = postSolution
		SolutionGuid = {5112E3C7-9F5F-494E-9205-DE3CE7B4232F}
	EndGlobalSection
EndGlobal
